
Microsoft Visual Studio Solution File, Format Version 12.00
# Visual Studio Version 16
VisualStudioVersion = 16.0.30611.23
MinimumVisualStudioVersion = 10.0.40219.1
Project("{9A19103F-16F7-4668-BE54-9A1E7A4F7556}") = "SampleSignalR.Mvc", "SampleSignalR.Mvc\SampleSignalR.Mvc.csproj", "{69F8C0B0-FAC8-47C0-9B5A-70D307A5BC18}"
EndProject
Project("{9A19103F-16F7-4668-BE54-9A1E7A4F7556}") = "SampleSignalR.Service", "SampleSignalIR.Service\SampleSignalR.Service.csproj", "{3744BC9E-EDED-48B3-B13D-07778C8650D2}"
EndProject
Project("{9A19103F-16F7-4668-BE54-9A1E7A4F7556}") = "SampleSignalR.ConsoleClient", "SampleSignalR.ConsoleClient\SampleSignalR.ConsoleClient.csproj", "{9BA3BDB3-6549-431C-9739-E48DD1B69ACA}"
EndProject
Global
	GlobalSection(SolutionConfigurationPlatforms) = preSolution
		Debug|Any CPU = Debug|Any CPU
		Release|Any CPU = Release|Any CPU
	EndGlobalSection
	GlobalSection(ProjectConfigurationPlatforms) = postSolution
		{69F8C0B0-FAC8-47C0-9B5A-70D307A5BC18}.Debug|Any CPU.ActiveCfg = Debug|Any CPU
		{69F8C0B0-FAC8-47C0-9B5A-70D307A5BC18}.Debug|Any CPU.Build.0 = Debug|Any CPU
		{69F8C0B0-FAC8-47C0-9B5A-70D307A5BC18}.Release|Any CPU.ActiveCfg = Release|Any CPU
		{69F8C0B0-FAC8-47C0-9B5A-70D307A5BC18}.Release|Any CPU.Build.0 = Release|Any CPU
		{3744BC9E-EDED-48B3-B13D-07778C8650D2}.Debug|Any CPU.ActiveCfg = Debug|Any CPU
		{3744BC9E-EDED-48B3-B13D-07778C8650D2}.Debug|Any CPU.Build.0 = Debug|Any CPU
		{3744BC9E-EDED-48B3-B13D-07778C8650D2}.Release|Any CPU.ActiveCfg = Release|Any CPU
		{3744BC9E-EDED-48B3-B13D-07778C8650D2}.Release|Any CPU.Build.0 = Release|Any CPU
		{9BA3BDB3-6549-431C-9739-E48DD1B69ACA}.Debug|Any CPU.ActiveCfg = Debug|Any CPU
		{9BA3BDB3-6549-431C-9739-E48DD1B69ACA}.Debug|Any CPU.Build.0 = Debug|Any CPU
		{9BA3BDB3-6549-431C-9739-E48DD1B69ACA}.Release|Any CPU.ActiveCfg = Release|Any CPU
		{9BA3BDB3-6549-431C-9739-E48DD1B69ACA}.Release|Any CPU.Build.0 = Release|Any CPU
	EndGlobalSection
	GlobalSection(SolutionProperties) = preSolution
		HideSolutionNode = FALSE
	EndGlobalSection
	GlobalSection(ExtensibilityGlobals) = postSolution
		SolutionGuid = {8357DB18-4E31-48F3-89F5-F52BD48D1657}
	EndGlobalSection
EndGlobal
